{"is_source_file": false, "format": "", "description": "", "external_files": [], "external_methods": [], "published": [], "classes": [], "methods": [], "calls": [], "search-terms": [], "state": 2, "file_id": 44, "knowledge_revision": 107, "git_revision": "3ce4c0de047cdda0c3ab14b0c14f2716fc11f1df", "filename": "/home/kavia/workspace/code-generation/newspulse-103942-2aa82e91/newspulse_container/post_process_status.lock", "hash": "e9b4c3b42cef0193b7fddb548d37e652", "format-version": 4, "code-base-name": "default", "revision_history": [{"107": "3ce4c0de047cdda0c3ab14b0c14f2716fc11f1df"}]}